
Microsoft Visual Studio Solution File, Format Version 12.00
# Visual Studio 15
VisualStudioVersion = 15.0.28307.489
MinimumVisualStudioVersion = 10.0.40219.1
Project("{FAE04EC0-301F-11D3-BF4B-00C04F79EFBC}") = "RulesReferencer", "RulesReferencer\RulesReferencer.csproj", "{AE5B697F-9C22-4A13-B243-657AE8B249D1}"
EndProject
Project("{FAE04EC0-301F-11D3-BF4B-00C04F79EFBC}") = "RuleLibrary", "RuleLibrary\RuleLibrary.csproj", "{867D77B4-35C8-45C2-A2DB-D96B50E8BA77}"
EndProject
Global
	GlobalSection(SolutionConfigurationPlatforms) = preSolution
		Debug|Any CPU = Debug|Any CPU
		Release|Any CPU = Release|Any CPU
	EndGlobalSection
	GlobalSection(ProjectConfigurationPlatforms) = postSolution
		{AE5B697F-9C22-4A13-B243-657AE8B249D1}.Debug|Any CPU.ActiveCfg = Debug|Any CPU
		{AE5B697F-9C22-4A13-B243-657AE8B249D1}.Debug|Any CPU.Build.0 = Debug|Any CPU
		{AE5B697F-9C22-4A13-B243-657AE8B249D1}.Release|Any CPU.ActiveCfg = Release|Any CPU
		{AE5B697F-9C22-4A13-B243-657AE8B249D1}.Release|Any CPU.Build.0 = Release|Any CPU
		{867D77B4-35C8-45C2-A2DB-D96B50E8BA77}.Debug|Any CPU.ActiveCfg = Debug|Any CPU
		{867D77B4-35C8-45C2-A2DB-D96B50E8BA77}.Debug|Any CPU.Build.0 = Debug|Any CPU
		{867D77B4-35C8-45C2-A2DB-D96B50E8BA77}.Release|Any CPU.ActiveCfg = Release|Any CPU
		{867D77B4-35C8-45C2-A2DB-D96B50E8BA77}.Release|Any CPU.Build.0 = Release|Any CPU
	EndGlobalSection
	GlobalSection(SolutionProperties) = preSolution
		HideSolutionNode = FALSE
	EndGlobalSection
	GlobalSection(ExtensibilityGlobals) = postSolution
		SolutionGuid = {88364B52-7ADD-4542-8175-641B443ABC21}
	EndGlobalSection
EndGlobal
